
Microsoft Visual Studio Solution File, Format Version 12.00
# Visual Studio 15
VisualStudioVersion = 15.0.28307.572
MinimumVisualStudioVersion = 10.0.40219.1
Project("{FAE04EC0-301F-11D3-BF4B-00C04F79EFBC}") = "DocMerger", "DocMerger\DocMerger.csproj", "{51AE5D71-73B4-42CF-B8B0-48E421677537}"
EndProject
Global
	GlobalSection(SolutionConfigurationPlatforms) = preSolution
		Debug|Any CPU = Debug|Any CPU
		Release|Any CPU = Release|Any CPU
	EndGlobalSection
	GlobalSection(ProjectConfigurationPlatforms) = postSolution
		{51AE5D71-73B4-42CF-B8B0-48E421677537}.Debug|Any CPU.ActiveCfg = Debug|Any CPU
		{51AE5D71-73B4-42CF-B8B0-48E421677537}.Debug|Any CPU.Build.0 = Debug|Any CPU
		{51AE5D71-73B4-42CF-B8B0-48E421677537}.Release|Any CPU.ActiveCfg = Release|Any CPU
		{51AE5D71-73B4-42CF-B8B0-48E421677537}.Release|Any CPU.Build.0 = Release|Any CPU
	EndGlobalSection
	GlobalSection(SolutionProperties) = preSolution
		HideSolutionNode = FALSE
	EndGlobalSection
	GlobalSection(ExtensibilityGlobals) = postSolution
		SolutionGuid = {0E867A14-FA2D-45BF-8C10-A7592DA78A8D}
	EndGlobalSection
EndGlobal
